
Microsoft Visual Studio Solution File, Format Version 12.00
# Visual Studio Version 16
VisualStudioVersion = 16.0.29920.165
MinimumVisualStudioVersion = 10.0.40219.1
Project("{FAE04EC0-301F-11D3-BF4B-00C04F79EFBC}") = "CentralErros", "CentralErros\CentralErros.csproj", "{DD6C27C2-E2CE-4012-B3EE-3A199EECF0E1}"
EndProject
Project("{FAE04EC0-301F-11D3-BF4B-00C04F79EFBC}") = "CentralErros.Domain", "CentralErros.Domain\CentralErros.Domain.csproj", "{921AEDA7-096F-48AD-847E-53440B9B6ED8}"
EndProject
Global
	GlobalSection(SolutionConfigurationPlatforms) = preSolution
		Debug|Any CPU = Debug|Any CPU
		Release|Any CPU = Release|Any CPU
	EndGlobalSection
	GlobalSection(ProjectConfigurationPlatforms) = postSolution
		{DD6C27C2-E2CE-4012-B3EE-3A199EECF0E1}.Debug|Any CPU.ActiveCfg = Debug|Any CPU
		{DD6C27C2-E2CE-4012-B3EE-3A199EECF0E1}.Debug|Any CPU.Build.0 = Debug|Any CPU
		{DD6C27C2-E2CE-4012-B3EE-3A199EECF0E1}.Release|Any CPU.ActiveCfg = Release|Any CPU
		{DD6C27C2-E2CE-4012-B3EE-3A199EECF0E1}.Release|Any CPU.Build.0 = Release|Any CPU
		{921AEDA7-096F-48AD-847E-53440B9B6ED8}.Debug|Any CPU.ActiveCfg = Debug|Any CPU
		{921AEDA7-096F-48AD-847E-53440B9B6ED8}.Debug|Any CPU.Build.0 = Debug|Any CPU
		{921AEDA7-096F-48AD-847E-53440B9B6ED8}.Release|Any CPU.ActiveCfg = Release|Any CPU
		{921AEDA7-096F-48AD-847E-53440B9B6ED8}.Release|Any CPU.Build.0 = Release|Any CPU
	EndGlobalSection
	GlobalSection(SolutionProperties) = preSolution
		HideSolutionNode = FALSE
	EndGlobalSection
	GlobalSection(ExtensibilityGlobals) = postSolution
		SolutionGuid = {CE94BBAE-15BF-4541-9C4F-03B4A8918749}
	EndGlobalSection
EndGlobal
